
Microsoft Visual Studio Solution File, Format Version 11.00
# Visual Studio 2010
Project("{FAE04EC0-301F-11D3-BF4B-00C04F79EFBC}") = "snowpack", "snowpack.csproj", "{14F7238F-C8E3-4342-AC70-6FD91DA09ABC}"
EndProject
Global
	GlobalSection(SolutionConfigurationPlatforms) = preSolution
		Debug|x86 = Debug|x86
		Release|x86 = Release|x86
	EndGlobalSection
	GlobalSection(ProjectConfigurationPlatforms) = postSolution
		{14F7238F-C8E3-4342-AC70-6FD91DA09ABC}.Debug|x86.ActiveCfg = Debug|x86
		{14F7238F-C8E3-4342-AC70-6FD91DA09ABC}.Debug|x86.Build.0 = Debug|x86
		{14F7238F-C8E3-4342-AC70-6FD91DA09ABC}.Release|x86.ActiveCfg = Release|x86
		{14F7238F-C8E3-4342-AC70-6FD91DA09ABC}.Release|x86.Build.0 = Release|x86
	EndGlobalSection
	GlobalSection(MonoDevelopProperties) = preSolution
		StartupItem = snowpack.csproj
		Policies = $0
		$0.DotNetNamingPolicy = $1
		$1.DirectoryNamespaceAssociation = None
		$1.ResourceNamePolicy = FileFormatDefault
		$0.StandardHeader = $2
		$2.Text = 
		$2.IncludeInNewFiles = True
		$0.VersionControlPolicy = $3
		$3.inheritsSet = Mono
		$0.ChangeLogPolicy = $4
		$4.UpdateMode = None
		$4.MessageStyle = $5
		$5.LineAlign = 0
		$4.inheritsSet = Mono
		description = A cross-platform Amazon Glacier client, written in C# using the Mono framework.
		version = 0.1.0
	EndGlobalSection
EndGlobal
